// !$*UTF8*$!
{
	archiveVersion = 1;
	classes = {
	};
	objectVersion = 46;
	objects = {

/* Begin PBXBuildFile section */
		1173731A1C05D45800037868 /* AppDelegate.swift in Sources */ = {isa = PBXBuildFile; fileRef = 117373191C05D45800037868 /* AppDelegate.swift */; };
		1173731C1C05D45800037868 /* MasterViewController.swift in Sources */ = {isa = PBXBuildFile; fileRef = 1173731B1C05D45800037868 /* MasterViewController.swift */; };
		1173731E1C05D45800037868 /* DetailViewController.swift in Sources */ = {isa = PBXBuildFile; fileRef = 1173731D1C05D45800037868 /* DetailViewController.swift */; };
		117373211C05D45800037868 /* Main.storyboard in Resources */ = {isa = PBXBuildFile; fileRef = 1173731F1C05D45800037868 /* Main.storyboard */; };
		117373231C05D45800037868 /* Assets.xcassets in Resources */ = {isa = PBXBuildFile; fileRef = 117373221C05D45800037868 /* Assets.xcassets */; };
		117373261C05D45800037868 /* LaunchScreen.storyboard in Resources */ = {isa = PBXBuildFile; fileRef = 117373241C05D45800037868 /* LaunchScreen.storyboard */; };
		117373311C05D45900037868 /* testAppTests.swift in Sources */ = {isa = PBXBuildFile; fileRef = 117373301C05D45900037868 /* testAppTests.swift */; };
		1173733C1C05D45900037868 /* testAppUITests.swift in Sources */ = {isa = PBXBuildFile; fileRef = 1173733B1C05D45900037868 /* testAppUITests.swift */; };
/* End PBXBuildFile section */

/* Begin PBXContainerItemProxy section */
		1173732D1C05D45900037868 /* PBXContainerItemProxy */ = {
			isa = PBXContainerItemProxy;
			containerPortal = 1173730E1C05D45700037868 /* Project object */;
			proxyType = 1;
			remoteGlobalIDString = 117373151C05D45700037868;
			remoteInfo = testApp;
		};
		117373381C05D45900037868 /* PBXContainerItemProxy */ = {
			isa = PBXContainerItemProxy;
			containerPortal = 1173730E1C05D45700037868 /* Project object */;
			proxyType = 1;
			remoteGlobalIDString = 117373151C05D45700037868;
			remoteInfo = testApp;
		};
/* End PBXContainerItemProxy section */

/* Begin PBXFileReference section */
		117373161C05D45800037868 /* testApp.app */ = {isa = PBXFileReference; explicitFileType = wrapper.application; includeInIndex = 0; path = testApp.app; sourceTree = BUILT_PRODUCTS_DIR; };
		117373191C05D45800037868 /* AppDelegate.swift */ = {isa = PBXFileReference; lastKnownFileType = sourcecode.swift; path = AppDelegate.swift; sourceTree = "<group>"; };
		1173731B1C05D45800037868 /* MasterViewController.swift */ = {isa = PBXFileReference; lastKnownFileType = sourcecode.swift; path = MasterViewController.swift; sourceTree = "<group>"; };
		1173731D1C05D45800037868 /* DetailViewController.swift */ = {isa = PBXFileReference; lastKnownFileType = sourcecode.swift; path = DetailViewController.swift; sourceTree = "<group>"; };
		117373201C05D45800037868 /* Base */ = {isa = PBXFileReference; lastKnownFileType = file.storyboard; name = Base; path = Base.lproj/Main.storyboard; sourceTree = "<group>"; };
		117373221C05D45800037868 /* Assets.xcassets */ = {isa = PBXFileReference; lastKnownFileType = folder.assetcatalog; path = Assets.xcassets; sourceTree = "<group>"; };
		117373251C05D45800037868 /* Base */ = {isa = PBXFileReference; lastKnownFileType = file.storyboard; name = Base; path = Base.lproj/LaunchScreen.storyboard; sourceTree = "<group>"; };
		117373271C05D45800037868 /* Info.plist */ = {isa = PBXFileReference; lastKnownFileType = text.plist.xml; path = Info.plist; sourceTree = "<group>"; };
		1173732C1C05D45900037868 /* testAppTests.xctest */ = {isa = PBXFileReference; explicitFileType = wrapper.cfbundle; includeInIndex = 0; path = testAppTests.xctest; sourceTree = BUILT_PRODUCTS_DIR; };
		117373301C05D45900037868 /* testAppTests.swift */ = {isa = PBXFileReference; lastKnownFileType = sourcecode.swift; path = testAppTests.swift; sourceTree = "<group>"; };
		117373321C05D45900037868 /* Info.plist */ = {isa = PBXFileReference; lastKnownFileType = text.plist.xml; path = Info.plist; sourceTree = "<group>"; };
		117373371C05D45900037868 /* testAppUITests.xctest */ = {isa = PBXFileReference; explicitFileType = wrapper.cfbundle; includeInIndex = 0; path = testAppUITests.xctest; sourceTree = BUILT_PRODUCTS_DIR; };
		1173733B1C05D45900037868 /* testAppUITests.swift */ = {isa = PBXFileReference; lastKnownFileType = sourcecode.swift; path = testAppUITests.swift; sourceTree = "<group>"; };
		1173733D1C05D45900037868 /* Info.plist */ = {isa = PBXFileReference; lastKnownFileType = text.plist.xml; path = Info.plist; sourceTree = "<group>"; };
/* End PBXFileReference section */

/* Begin PBXFrameworksBuildPhase section */
		117373131C05D45700037868 /* Frameworks */ = {
			isa = PBXFrameworksBuildPhase;
			buildActionMask = 2147483647;
			files = (
			);
			runOnlyForDeploymentPostprocessing = 0;
		};
		117373291C05D45900037868 /* Frameworks */ = {
			isa = PBXFrameworksBuildPhase;
			buildActionMask = 2147483647;
			files = (
			);
			runOnlyForDeploymentPostprocessing = 0;
		};
		117373341C05D45900037868 /* Frameworks */ = {
			isa = PBXFrameworksBuildPhase;
			buildActionMask = 2147483647;
			files = (
			);
			runOnlyForDeploymentPostprocessing = 0;
		};
/* End PBXFrameworksBuildPhase section */

/* Begin PBXGroup section */
		1173730D1C05D45700037868 = {
			isa = PBXGroup;
			children = (
				117373181C05D45800037868 /* testApp */,
				1173732F1C05D45900037868 /* testAppTests */,
				1173733A1C05D45900037868 /* testAppUITests */,
				117373171C05D45800037868 /* Products */,
			);
			sourceTree = "<group>";
		};
		117373171C05D45800037868 /* Products */ = {
			isa = PBXGroup;
			children = (
				117373161C05D45800037868 /* testApp.app */,
				1173732C1C05D45900037868 /* testAppTests.xctest */,
				117373371C05D45900037868 /* testAppUITests.xctest */,
			);
			name = Products;
			sourceTree = "<group>";
		};
		117373181C05D45800037868 /* testApp */ = {
			isa = PBXGroup;
			children = (
				117373191C05D45800037868 /* AppDelegate.swift */,
				1173731B1C05D45800037868 /* MasterViewController.swift */,
				1173731D1C05D45800037868 /* DetailViewController.swift */,
				1173731F1C05D45800037868 /* Main.storyboard */,
				117373221C05D45800037868 /* Assets.xcassets */,
				117373241C05D45800037868 /* LaunchScreen.storyboard */,
				117373271C05D45800037868 /* Info.plist */,
			);
			path = testApp;
			sourceTree = "<group>";
		};
		1173732F1C05D45900037868 /* testAppTests */ = {
			isa = PBXGroup;
			children = (
				117373301C05D45900037868 /* testAppTests.swift */,
				117373321C05D45900037868 /* Info.plist */,
			);
			path = testAppTests;
			sourceTree = "<group>";
		};
		1173733A1C05D45900037868 /* testAppUITests */ = {
			isa = PBXGroup;
			children = (
				1173733B1C05D45900037868 /* testAppUITests.swift */,
				1173733D1C05D45900037868 /* Info.plist */,
			);
			path = testAppUITests;
			sourceTree = "<group>";
		};
/* End PBXGroup section */

/* Begin PBXNativeTarget section */
		117373151C05D45700037868 /* testApp */ = {
			isa = PBXNativeTarget;
			buildConfigurationList = 117373401C05D45900037868 /* Build configuration list for PBXNativeTarget "testApp" */;
			buildPhases = (
				117373121C05D45700037868 /* Sources */,
				117373131C05D45700037868 /* Frameworks */,
				117373141C05D45700037868 /* Resources */,
			);
			buildRules = (
			);
			dependencies = (
			);
			name = testApp;
			productName = testApp;
			productReference = 117373161C05D45800037868 /* testApp.app */;
			productType = "com.apple.product-type.application";
		};
		1173732B1C05D45900037868 /* testAppTests */ = {
			isa = PBXNativeTarget;
			buildConfigurationList = 117373431C05D45900037868 /* Build configuration list for PBXNativeTarget "testAppTests" */;
			buildPhases = (
				117373281C05D45900037868 /* Sources */,
				117373291C05D45900037868 /* Frameworks */,
				1173732A1C05D45900037868 /* Resources */,
			);
			buildRules = (
			);
			dependencies = (
				1173732E1C05D45900037868 /* PBXTargetDependency */,
			);
			name = testAppTests;
			productName = testAppTests;
			productReference = 1173732C1C05D45900037868 /* testAppTests.xctest */;
			productType = "com.apple.product-type.bundle.unit-test";
		};
		117373361C05D45900037868 /* testAppUITests */ = {
			isa = PBXNativeTarget;
			buildConfigurationList = 117373461C05D45900037868 /* Build configuration list for PBXNativeTarget "testAppUITests" */;
			buildPhases = (
				117373331C05D45900037868 /* Sources */,
				117373341C05D45900037868 /* Frameworks */,
				117373351C05D45900037868 /* Resources */,
			);
			buildRules = (
			);
			dependencies = (
				117373391C05D45900037868 /* PBXTargetDependency */,
			);
			name = testAppUITests;
			productName = testAppUITests;
			productReference = 117373371C05D45900037868 /* testAppUITests.xctest */;
			productType = "com.apple.product-type.bundle.ui-testing";
		};
/* End PBXNativeTarget section */

/* Begin PBXProject section */
		1173730E1C05D45700037868 /* Project object */ = {
			isa = PBXProject;
			attributes = {
				LastSwiftUpdateCheck = 0710;
				LastUpgradeCheck = 0710;
				ORGANIZATIONNAME = "Varun Kodnani";
				TargetAttributes = {
					117373151C05D45700037868 = {
						CreatedOnToolsVersion = 7.1.1;
					};
					1173732B1C05D45900037868 = {
						CreatedOnToolsVersion = 7.1.1;
						TestTargetID = 117373151C05D45700037868;
					};
					117373361C05D45900037868 = {
						CreatedOnToolsVersion = 7.1.1;
						TestTargetID = 117373151C05D45700037868;
					};
				};
			};
			buildConfigurationList = 117373111C05D45700037868 /* Build configuration list for PBXProject "testApp" */;
			compatibilityVersion = "Xcode 3.2";
			developmentRegion = English;
			hasScannedForEncodings = 0;
			knownRegions = (
				en,
				Base,
			);
			mainGroup = 1173730D1C05D45700037868;
			productRefGroup = 117373171C05D45800037868 /* Products */;
			projectDirPath = "";
			projectRoot = "";
			targets = (
				117373151C05D45700037868 /* testApp */,
				1173732B1C05D45900037868 /* testAppTests */,
				117373361C05D45900037868 /* testAppUITests */,
			);
		};
/* End PBXProject section */

/* Begin PBXResourcesBuildPhase section */
		117373141C05D45700037868 /* Resources */ = {
			isa = PBXResourcesBuildPhase;
			buildActionMask = 2147483647;
			files = (
				117373261C05D45800037868 /* LaunchScreen.storyboard in Resources */,
				117373231C05D45800037868 /* Assets.xcassets in Resources */,
				117373211C05D45800037868 /* Main.storyboard in Resources */,
			);
			runOnlyForDeploymentPostprocessing = 0;
		};
		1173732A1C05D45900037868 /* Resources */ = {
			isa = PBXResourcesBuildPhase;
			buildActionMask = 2147483647;
			files = (
			);
			runOnlyForDeploymentPostprocessing = 0;
		};
		117373351C05D45900037868 /* Resources */ = {
			isa = PBXResourcesBuildPhase;
			buildActionMask = 2147483647;
			files = (
			);
			runOnlyForDeploymentPostprocessing = 0;
		};
/* End PBXResourcesBuildPhase section */

/* Begin PBXSourcesBuildPhase section */
		117373121C05D45700037868 /* Sources */ = {
			isa = PBXSourcesBuildPhase;
			buildActionMask = 2147483647;
			files = (
				1173731E1C05D45800037868 /* DetailViewController.swift in Sources */,
				1173731C1C05D45800037868 /* MasterViewController.swift in Sources */,
				1173731A1C05D45800037868 /* AppDelegate.swift in Sources */,
			);
			runOnlyForDeploymentPostprocessing = 0;
		};
		117373281C05D45900037868 /* Sources */ = {
			isa = PBXSourcesBuildPhase;
			buildActionMask = 2147483647;
			files = (
				117373311C05D45900037868 /* testAppTests.swift in Sources */,
			);
			runOnlyForDeploymentPostprocessing = 0;
		};
		117373331C05D45900037868 /* Sources */ = {
			isa = PBXSourcesBuildPhase;
			buildActionMask = 2147483647;
			files = (
				1173733C1C05D45900037868 /* testAppUITests.swift in Sources */,
			);
			runOnlyForDeploymentPostprocessing = 0;
		};
/* End PBXSourcesBuildPhase section */

/* Begin PBXTargetDependency section */
		1173732E1C05D45900037868 /* PBXTargetDependency */ = {
			isa = PBXTargetDependency;
			target = 117373151C05D45700037868 /* testApp */;
			targetProxy = 1173732D1C05D45900037868 /* PBXContainerItemProxy */;
		};
		117373391C05D45900037868 /* PBXTargetDependency */ = {
			isa = PBXTargetDependency;
			target = 117373151C05D45700037868 /* testApp */;
			targetProxy = 117373381C05D45900037868 /* PBXContainerItemProxy */;
		};
/* End PBXTargetDependency section */

/* Begin PBXVariantGroup section */
		1173731F1C05D45800037868 /* Main.storyboard */ = {
			isa = PBXVariantGroup;
			children = (
				117373201C05D45800037868 /* Base */,
			);
			name = Main.storyboard;
			sourceTree = "<group>";
		};
		117373241C05D45800037868 /* LaunchScreen.storyboard */ = {
			isa = PBXVariantGroup;
			children = (
				117373251C05D45800037868 /* Base */,
			);
			name = LaunchScreen.storyboard;
			sourceTree = "<group>";
		};
/* End PBXVariantGroup section */

/* Begin XCBuildConfiguration section */
		1173733E1C05D45900037868 /* Debug */ = {
			isa = XCBuildConfiguration;
			buildSettings = {
				ALWAYS_SEARCH_USER_PATHS = NO;
				CLANG_CXX_LANGUAGE_STANDARD = "gnu++0x";
				CLANG_CXX_LIBRARY = "libc++";
				CLANG_ENABLE_MODULES = YES;
				CLANG_ENABLE_OBJC_ARC = YES;
				CLANG_WARN_BOOL_CONVERSION = YES;
				CLANG_WARN_CONSTANT_CONVERSION = YES;
				CLANG_WARN_DIRECT_OBJC_ISA_USAGE = YES_ERROR;
				CLANG_WARN_EMPTY_BODY = YES;
				CLANG_WARN_ENUM_CONVERSION = YES;
				CLANG_WARN_INT_CONVERSION = YES;
				CLANG_WARN_OBJC_ROOT_CLASS = YES_ERROR;
				CLANG_WARN_UNREACHABLE_CODE = YES;
				CLANG_WARN__DUPLICATE_METHOD_MATCH = YES;
				"CODE_SIGN_IDENTITY[sdk=iphoneos*]" = "iPhone Developer";
				COPY_PHASE_STRIP = NO;
				DEBUG_INFORMATION_FORMAT = dwarf;
				ENABLE_STRICT_OBJC_MSGSEND = YES;
				ENABLE_TESTABILITY = YES;
				GCC_C_LANGUAGE_STANDARD = gnu99;
				GCC_DYNAMIC_NO_PIC = NO;
				GCC_NO_COMMON_BLOCKS = YES;
				GCC_OPTIMIZATION_LEVEL = 0;
				GCC_PREPROCESSOR_DEFINITIONS = (
					"DEBUG=1",
					"$(inherited)",
				);
				GCC_WARN_64_TO_32_BIT_CONVERSION = YES;
				GCC_WARN_ABOUT_RETURN_TYPE = YES_ERROR;
				GCC_WARN_UNDECLARED_SELECTOR = YES;
				GCC_WARN_UNINITIALIZED_AUTOS = YES_AGGRESSIVE;
				GCC_WARN_UNUSED_FUNCTION = YES;
				GCC_WARN_UNUSED_VARIABLE = YES;
				IPHONEOS_DEPLOYMENT_TARGET = 9.1;
				MTL_ENABLE_DEBUG_INFO = YES;
				ONLY_ACTIVE_ARCH = YES;
				SDKROOT = iphoneos;
				SWIFT_OPTIMIZATION_LEVEL = "-Onone";
				TARGETED_DEVICE_FAMILY = "1,2";
			};
			name = Debug;
		};
		1173733F1C05D45900037868 /* Release */ = {
			isa = XCBuildConfiguration;
			buildSettings = {
				ALWAYS_SEARCH_USER_PATHS = NO;
				CLANG_CXX_LANGUAGE_STANDARD = "gnu++0x";
				CLANG_CXX_LIBRARY = "libc++";
				CLANG_ENABLE_MODULES = YES;
				CLANG_ENABLE_OBJC_ARC = YES;
				CLANG_WARN_BOOL_CONVERSION = YES;
				CLANG_WARN_CONSTANT_CONVERSION = YES;
				CLANG_WARN_DIRECT_OBJC_ISA_USAGE = YES_ERROR;
				CLANG_WARN_EMPTY_BODY = YES;
				CLANG_WARN_ENUM_CONVERSION = YES;
				CLANG_WARN_INT_CONVERSION = YES;
				CLANG_WARN_OBJC_ROOT_CLASS = YES_ERROR;
				CLANG_WARN_UNREACHABLE_CODE = YES;
				CLANG_WARN__DUPLICATE_METHOD_MATCH = YES;
				"CODE_SIGN_IDENTITY[sdk=iphoneos*]" = "iPhone Developer";
				COPY_PHASE_STRIP = NO;
				DEBUG_INFORMATION_FORMAT = "dwarf-with-dsym";
				ENABLE_NS_ASSERTIONS = NO;
				ENABLE_STRICT_OBJC_MSGSEND = YES;
				GCC_C_LANGUAGE_STANDARD = gnu99;
				GCC_NO_COMMON_BLOCKS = YES;
				GCC_WARN_64_TO_32_BIT_CONVERSION = YES;
				GCC_WARN_ABOUT_RETURN_TYPE = YES_ERROR;
				GCC_WARN_UNDECLARED_SELECTOR = YES;
				GCC_WARN_UNINITIALIZED_AUTOS = YES_AGGRESSIVE;
				GCC_WARN_UNUSED_FUNCTION = YES;
				GCC_WARN_UNUSED_VARIABLE = YES;
				IPHONEOS_DEPLOYMENT_TARGET = 9.1;
				MTL_ENABLE_DEBUG_INFO = NO;
				SDKROOT = iphoneos;
				TARGETED_DEVICE_FAMILY = "1,2";
				VALIDATE_PRODUCT = YES;
			};
			name = Release;
		};
		117373411C05D45900037868 /* Debug */ = {
			isa = XCBuildConfiguration;
			buildSettings = {
				ASSETCATALOG_COMPILER_APPICON_NAME = AppIcon;
				INFOPLIST_FILE = testApp/Info.plist;
				LD_RUNPATH_SEARCH_PATHS = "$(inherited) @executable_path/Frameworks";
				PRODUCT_BUNDLE_IDENTIFIER = thisisvrk.testApp;
				PRODUCT_NAME = "$(TARGET_NAME)";
			};
			name = Debug;
		};
		117373421C05D45900037868 /* Release */ = {
			isa = XCBuildConfiguration;
			buildSettings = {
				ASSETCATALOG_COMPILER_APPICON_NAME = AppIcon;
				INFOPLIST_FILE = testApp/Info.plist;
				LD_RUNPATH_SEARCH_PATHS = "$(inherited) @executable_path/Frameworks";
				PRODUCT_BUNDLE_IDENTIFIER = thisisvrk.testApp;
				PRODUCT_NAME = "$(TARGET_NAME)";
			};
			name = Release;
		};
		117373441C05D45900037868 /* Debug */ = {
			isa = XCBuildConfiguration;
			buildSettings = {
				BUNDLE_LOADER = "$(TEST_HOST)";
				INFOPLIST_FILE = testAppTests/Info.plist;
				LD_RUNPATH_SEARCH_PATHS = "$(inherited) @executable_path/Frameworks @loader_path/Frameworks";
				PRODUCT_BUNDLE_IDENTIFIER = thisisvrk.testAppTests;
				PRODUCT_NAME = "$(TARGET_NAME)";
				TEST_HOST = "$(BUILT_PRODUCTS_DIR)/testApp.app/testApp";
			};
			name = Debug;
		};
		117373451C05D45900037868 /* Release */ = {
			isa = XCBuildConfiguration;
			buildSettings = {
				BUNDLE_LOADER = "$(TEST_HOST)";
				INFOPLIST_FILE = testAppTests/Info.plist;
				LD_RUNPATH_SEARCH_PATHS = "$(inherited) @executable_path/Frameworks @loader_path/Frameworks";
				PRODUCT_BUNDLE_IDENTIFIER = thisisvrk.testAppTests;
				PRODUCT_NAME = "$(TARGET_NAME)";
				TEST_HOST = "$(BUILT_PRODUCTS_DIR)/testApp.app/testApp";
			};
			name = Release;
		};
		117373471C05D45900037868 /* Debug */ = {
			isa = XCBuildConfiguration;
			buildSettings = {
				INFOPLIST_FILE = testAppUITests/Info.plist;
				LD_RUNPATH_SEARCH_PATHS = "$(inherited) @executable_path/Frameworks @loader_path/Frameworks";
				PRODUCT_BUNDLE_IDENTIFIER = thisisvrk.testAppUITests;
				PRODUCT_NAME = "$(TARGET_NAME)";
				TEST_TARGET_NAME = testApp;
				USES_XCTRUNNER = YES;
			};
			name = Debug;
		};
		117373481C05D45900037868 /* Release */ = {
			isa = XCBuildConfiguration;
			buildSettings = {
				INFOPLIST_FILE = testAppUITests/Info.plist;
				LD_RUNPATH_SEARCH_PATHS = "$(inherited) @executable_path/Frameworks @loader_path/Frameworks";
				PRODUCT_BUNDLE_IDENTIFIER = thisisvrk.testAppUITests;
				PRODUCT_NAME = "$(TARGET_NAME)";
				TEST_TARGET_NAME = testApp;
				USES_XCTRUNNER = YES;
			};
			name = Release;
		};
/* End XCBuildConfiguration section */

/* Begin XCConfigurationList section */
		117373111C05D45700037868 /* Build configuration list for PBXProject "testApp" */ = {
			isa = XCConfigurationList;
			buildConfigurations = (
				1173733E1C05D45900037868 /* Debug */,
				1173733F1C05D45900037868 /* Release */,
			);
			defaultConfigurationIsVisible = 0;
			defaultConfigurationName = Release;
		};
		117373401C05D45900037868 /* Build configuration list for PBXNativeTarget "testApp" */ = {
			isa = XCConfigurationList;
			buildConfigurations = (
				117373411C05D45900037868 /* Debug */,
				117373421C05D45900037868 /* Release */,
			);
			defaultConfigurationIsVisible = 0;
		};
		117373431C05D45900037868 /* Build configuration list for PBXNativeTarget "testAppTests" */ = {
			isa = XCConfigurationList;
			buildConfigurations = (
				117373441C05D45900037868 /* Debug */,
				117373451C05D45900037868 /* Release */,
			);
			defaultConfigurationIsVisible = 0;
		};
		117373461C05D45900037868 /* Build configuration list for PBXNativeTarget "testAppUITests" */ = {
			isa = XCConfigurationList;
			buildConfigurations = (
				117373471C05D45900037868 /* Debug */,
				117373481C05D45900037868 /* Release */,
			);
			defaultConfigurationIsVisible = 0;
		};
/* End XCConfigurationList section */
	};
	rootObject = 1173730E1C05D45700037868 /* Project object */;
}
